
Microsoft Visual Studio Solution File, Format Version 12.00
# Visual Studio 15
VisualStudioVersion = 15.0.27130.2036
MinimumVisualStudioVersion = 10.0.40219.1
Project("{FAE04EC0-301F-11D3-BF4B-00C04F79EFBC}") = "TfsCmdlets.PSWindows", "TfsCmdlets.PSWindows\TfsCmdlets.PSWindows.csproj", "{BDC27DCC-EF3B-410F-9F1F-86110D3276D7}"
EndProject
Project("{FAE04EC0-301F-11D3-BF4B-00C04F79EFBC}") = "TfsCmdlets.UnitTests", "TfsCmdlets.UnitTests\TfsCmdlets.UnitTests.csproj", "{068AD10D-CFDE-4944-AAA5-2DB4B4051FE0}"
EndProject
Project("{FAE04EC0-301F-11D3-BF4B-00C04F79EFBC}") = "TfsCmdlets.CorrectnessTests", "TfsCmdlets.CorrectnessTests\TfsCmdlets.CorrectnessTests.csproj", "{F0CF3F1B-3671-4A11-9DCE-921E5928195C}"
EndProject
Project("{2150E333-8FDC-42A3-9474-1A3956D46DE8}") = "Tests", "Tests", "{C31F7FE3-5C8C-4D8A-BB35-4F8AF79D19E2}"
EndProject
Project("{9A19103F-16F7-4668-BE54-9A1E7A4F7556}") = "TfsCmdlets.Core", "TfsCmdlets.Core\TfsCmdlets.Core.csproj", "{63D5B744-2085-4D4B-B844-6ADC2349187C}"
EndProject
Project("{FAE04EC0-301F-11D3-BF4B-00C04F79EFBC}") = "TfsCmdlets.PSWindows.TfsApi", "TfsCmdlets.PSWindows.TfsApi\TfsCmdlets.PSWindows.TfsApi.csproj", "{1D6E1200-7CF6-43B5-BA04-22342E109219}"
EndProject
Project("{930C7802-8A8C-48F9-8165-68863BCCD9DD}") = "TfsCmdlets.PSWindows.Setup", "TfsCmdlets.PSWindows.Setup\TfsCmdlets.PSWindows.Setup.wixproj", "{1720339C-6A86-4E51-856A-1873CF029E04}"
EndProject
Global
	GlobalSection(SolutionConfigurationPlatforms) = preSolution
		Debug|Any CPU = Debug|Any CPU
		Debug|x86 = Debug|x86
		Release|Any CPU = Release|Any CPU
		Release|x86 = Release|x86
	EndGlobalSection
	GlobalSection(ProjectConfigurationPlatforms) = postSolution
		{BDC27DCC-EF3B-410F-9F1F-86110D3276D7}.Debug|Any CPU.ActiveCfg = Debug|Any CPU
		{BDC27DCC-EF3B-410F-9F1F-86110D3276D7}.Debug|Any CPU.Build.0 = Debug|Any CPU
		{BDC27DCC-EF3B-410F-9F1F-86110D3276D7}.Debug|x86.ActiveCfg = Debug|Any CPU
		{BDC27DCC-EF3B-410F-9F1F-86110D3276D7}.Debug|x86.Build.0 = Debug|Any CPU
		{BDC27DCC-EF3B-410F-9F1F-86110D3276D7}.Release|Any CPU.ActiveCfg = Release|Any CPU
		{BDC27DCC-EF3B-410F-9F1F-86110D3276D7}.Release|Any CPU.Build.0 = Release|Any CPU
		{BDC27DCC-EF3B-410F-9F1F-86110D3276D7}.Release|x86.ActiveCfg = Release|Any CPU
		{BDC27DCC-EF3B-410F-9F1F-86110D3276D7}.Release|x86.Build.0 = Release|Any CPU
		{068AD10D-CFDE-4944-AAA5-2DB4B4051FE0}.Debug|Any CPU.ActiveCfg = Debug|Any CPU
		{068AD10D-CFDE-4944-AAA5-2DB4B4051FE0}.Debug|Any CPU.Build.0 = Debug|Any CPU
		{068AD10D-CFDE-4944-AAA5-2DB4B4051FE0}.Debug|x86.ActiveCfg = Debug|Any CPU
		{068AD10D-CFDE-4944-AAA5-2DB4B4051FE0}.Debug|x86.Build.0 = Debug|Any CPU
		{068AD10D-CFDE-4944-AAA5-2DB4B4051FE0}.Release|Any CPU.ActiveCfg = Release|Any CPU
		{068AD10D-CFDE-4944-AAA5-2DB4B4051FE0}.Release|Any CPU.Build.0 = Release|Any CPU
		{068AD10D-CFDE-4944-AAA5-2DB4B4051FE0}.Release|x86.ActiveCfg = Release|Any CPU
		{068AD10D-CFDE-4944-AAA5-2DB4B4051FE0}.Release|x86.Build.0 = Release|Any CPU
		{F0CF3F1B-3671-4A11-9DCE-921E5928195C}.Debug|Any CPU.ActiveCfg = Debug|Any CPU
		{F0CF3F1B-3671-4A11-9DCE-921E5928195C}.Debug|Any CPU.Build.0 = Debug|Any CPU
		{F0CF3F1B-3671-4A11-9DCE-921E5928195C}.Debug|x86.ActiveCfg = Debug|Any CPU
		{F0CF3F1B-3671-4A11-9DCE-921E5928195C}.Debug|x86.Build.0 = Debug|Any CPU
		{F0CF3F1B-3671-4A11-9DCE-921E5928195C}.Release|Any CPU.ActiveCfg = Release|Any CPU
		{F0CF3F1B-3671-4A11-9DCE-921E5928195C}.Release|Any CPU.Build.0 = Release|Any CPU
		{F0CF3F1B-3671-4A11-9DCE-921E5928195C}.Release|x86.ActiveCfg = Release|Any CPU
		{F0CF3F1B-3671-4A11-9DCE-921E5928195C}.Release|x86.Build.0 = Release|Any CPU
		{63D5B744-2085-4D4B-B844-6ADC2349187C}.Debug|Any CPU.ActiveCfg = Debug|Any CPU
		{63D5B744-2085-4D4B-B844-6ADC2349187C}.Debug|Any CPU.Build.0 = Debug|Any CPU
		{63D5B744-2085-4D4B-B844-6ADC2349187C}.Debug|x86.ActiveCfg = Debug|Any CPU
		{63D5B744-2085-4D4B-B844-6ADC2349187C}.Debug|x86.Build.0 = Debug|Any CPU
		{63D5B744-2085-4D4B-B844-6ADC2349187C}.Release|Any CPU.ActiveCfg = Release|Any CPU
		{63D5B744-2085-4D4B-B844-6ADC2349187C}.Release|Any CPU.Build.0 = Release|Any CPU
		{63D5B744-2085-4D4B-B844-6ADC2349187C}.Release|x86.ActiveCfg = Release|Any CPU
		{63D5B744-2085-4D4B-B844-6ADC2349187C}.Release|x86.Build.0 = Release|Any CPU
		{1D6E1200-7CF6-43B5-BA04-22342E109219}.Debug|Any CPU.ActiveCfg = Debug|Any CPU
		{1D6E1200-7CF6-43B5-BA04-22342E109219}.Debug|Any CPU.Build.0 = Debug|Any CPU
		{1D6E1200-7CF6-43B5-BA04-22342E109219}.Debug|x86.ActiveCfg = Debug|Any CPU
		{1D6E1200-7CF6-43B5-BA04-22342E109219}.Debug|x86.Build.0 = Debug|Any CPU
		{1D6E1200-7CF6-43B5-BA04-22342E109219}.Release|Any CPU.ActiveCfg = Release|Any CPU
		{1D6E1200-7CF6-43B5-BA04-22342E109219}.Release|Any CPU.Build.0 = Release|Any CPU
		{1D6E1200-7CF6-43B5-BA04-22342E109219}.Release|x86.ActiveCfg = Release|Any CPU
		{1D6E1200-7CF6-43B5-BA04-22342E109219}.Release|x86.Build.0 = Release|Any CPU
		{1720339C-6A86-4E51-856A-1873CF029E04}.Debug|Any CPU.ActiveCfg = Debug|x86
		{1720339C-6A86-4E51-856A-1873CF029E04}.Debug|Any CPU.Build.0 = Debug|x86
		{1720339C-6A86-4E51-856A-1873CF029E04}.Debug|x86.ActiveCfg = Debug|x86
		{1720339C-6A86-4E51-856A-1873CF029E04}.Debug|x86.Build.0 = Debug|x86
		{1720339C-6A86-4E51-856A-1873CF029E04}.Release|Any CPU.ActiveCfg = Release|x86
		{1720339C-6A86-4E51-856A-1873CF029E04}.Release|x86.ActiveCfg = Release|x86
		{1720339C-6A86-4E51-856A-1873CF029E04}.Release|x86.Build.0 = Release|x86
	EndGlobalSection
	GlobalSection(SolutionProperties) = preSolution
		HideSolutionNode = FALSE
	EndGlobalSection
	GlobalSection(NestedProjects) = preSolution
		{068AD10D-CFDE-4944-AAA5-2DB4B4051FE0} = {C31F7FE3-5C8C-4D8A-BB35-4F8AF79D19E2}
		{F0CF3F1B-3671-4A11-9DCE-921E5928195C} = {C31F7FE3-5C8C-4D8A-BB35-4F8AF79D19E2}
	EndGlobalSection
	GlobalSection(ExtensibilityGlobals) = postSolution
		SolutionGuid = {5A972BF8-A4EF-41BB-854B-C4765DFC13FF}
	EndGlobalSection
EndGlobal
